// !$*UTF8*$!
{
	archiveVersion = 1;
	classes = {
	};
	objectVersion = 48;
	objects = {

/* Begin PBXBuildFile section */
		18C6037220597608006E750F /* AppDelegate.swift in Sources */ = {isa = PBXBuildFile; fileRef = 18C6037120597608006E750F /* AppDelegate.swift */; };
		18C6037420597608006E750F /* ViewController.swift in Sources */ = {isa = PBXBuildFile; fileRef = 18C6037320597608006E750F /* ViewController.swift */; };
		18C6037720597608006E750F /* Main.storyboard in Resources */ = {isa = PBXBuildFile; fileRef = 18C6037520597608006E750F /* Main.storyboard */; };
		18C6037920597608006E750F /* Assets.xcassets in Resources */ = {isa = PBXBuildFile; fileRef = 18C6037820597608006E750F /* Assets.xcassets */; };
		18C6037C20597608006E750F /* LaunchScreen.storyboard in Resources */ = {isa = PBXBuildFile; fileRef = 18C6037A20597608006E750F /* LaunchScreen.storyboard */; };
		18C6038720597608006E750F /* iHangTests.swift in Sources */ = {isa = PBXBuildFile; fileRef = 18C6038620597608006E750F /* iHangTests.swift */; };
		18C60396205981CF006E750F /* WordProvider.swift in Sources */ = {isa = PBXBuildFile; fileRef = 18C60395205981CF006E750F /* WordProvider.swift */; };
		18C6039820598BC4006E750F /* WordLists in Resources */ = {isa = PBXBuildFile; fileRef = 18C6039720598BC4006E750F /* WordLists */; };
		18DC803920598D7A0090BEE4 /* TutorialView.swift in Sources */ = {isa = PBXBuildFile; fileRef = 18DC803820598D7A0090BEE4 /* TutorialView.swift */; };
		18DEB87E207E999D00F0BF2E /* Rename in Resources */ = {isa = PBXBuildFile; fileRef = 18DEB87D207E999D00F0BF2E /* Rename */; };
		18DEB880207E9DD900F0BF2E /* HangmanRenderer.swift in Sources */ = {isa = PBXBuildFile; fileRef = 18DEB87F207E9DD900F0BF2E /* HangmanRenderer.swift */; };
		665D9924206079EB00BD884F /* Game.storyboard in Resources */ = {isa = PBXBuildFile; fileRef = 665D9923206079EB00BD884F /* Game.storyboard */; };
		665D9926206081AF00BD884F /* GameController.swift in Sources */ = {isa = PBXBuildFile; fileRef = 665D9925206081AF00BD884F /* GameController.swift */; };
/* End PBXBuildFile section */

/* Begin PBXContainerItemProxy section */
		18C6038320597608006E750F /* PBXContainerItemProxy */ = {
			isa = PBXContainerItemProxy;
			containerPortal = 18C6036620597608006E750F /* Project object */;
			proxyType = 1;
			remoteGlobalIDString = 18C6036D20597608006E750F;
			remoteInfo = iHang;
		};
/* End PBXContainerItemProxy section */

/* Begin PBXFileReference section */
		18C6036E20597608006E750F /* iHang.app */ = {isa = PBXFileReference; explicitFileType = wrapper.application; includeInIndex = 0; path = iHang.app; sourceTree = BUILT_PRODUCTS_DIR; };
		18C6037120597608006E750F /* AppDelegate.swift */ = {isa = PBXFileReference; lastKnownFileType = sourcecode.swift; path = AppDelegate.swift; sourceTree = "<group>"; };
		18C6037320597608006E750F /* ViewController.swift */ = {isa = PBXFileReference; lastKnownFileType = sourcecode.swift; path = ViewController.swift; sourceTree = "<group>"; };
		18C6037620597608006E750F /* Base */ = {isa = PBXFileReference; lastKnownFileType = file.storyboard; name = Base; path = Base.lproj/Main.storyboard; sourceTree = "<group>"; };
		18C6037820597608006E750F /* Assets.xcassets */ = {isa = PBXFileReference; lastKnownFileType = folder.assetcatalog; path = Assets.xcassets; sourceTree = "<group>"; };
		18C6037B20597608006E750F /* Base */ = {isa = PBXFileReference; lastKnownFileType = file.storyboard; name = Base; path = Base.lproj/LaunchScreen.storyboard; sourceTree = "<group>"; };
		18C6037D20597608006E750F /* Info.plist */ = {isa = PBXFileReference; lastKnownFileType = text.plist.xml; path = Info.plist; sourceTree = "<group>"; };
		18C6038220597608006E750F /* iHangTests.xctest */ = {isa = PBXFileReference; explicitFileType = wrapper.cfbundle; includeInIndex = 0; path = iHangTests.xctest; sourceTree = BUILT_PRODUCTS_DIR; };
		18C6038620597608006E750F /* iHangTests.swift */ = {isa = PBXFileReference; lastKnownFileType = sourcecode.swift; path = iHangTests.swift; sourceTree = "<group>"; };
		18C6038820597608006E750F /* Info.plist */ = {isa = PBXFileReference; lastKnownFileType = text.plist.xml; path = Info.plist; sourceTree = "<group>"; };
		18C60395205981CF006E750F /* WordProvider.swift */ = {isa = PBXFileReference; lastKnownFileType = sourcecode.swift; path = WordProvider.swift; sourceTree = "<group>"; };
		18C6039720598BC4006E750F /* WordLists */ = {isa = PBXFileReference; lastKnownFileType = folder; path = WordLists; sourceTree = "<group>"; };
		18DC803820598D7A0090BEE4 /* TutorialView.swift */ = {isa = PBXFileReference; lastKnownFileType = sourcecode.swift; path = TutorialView.swift; sourceTree = "<group>"; };
		18DEB87D207E999D00F0BF2E /* Rename */ = {isa = PBXFileReference; lastKnownFileType = folder; name = Rename; path = ../../../hangman_ios/iHang/iHang/Rename; sourceTree = "<group>"; };
		18DEB87F207E9DD900F0BF2E /* HangmanRenderer.swift */ = {isa = PBXFileReference; lastKnownFileType = sourcecode.swift; path = HangmanRenderer.swift; sourceTree = "<group>"; };
		665D9923206079EB00BD884F /* Game.storyboard */ = {isa = PBXFileReference; lastKnownFileType = file.storyboard; path = Game.storyboard; sourceTree = "<group>"; };
		665D9925206081AF00BD884F /* GameController.swift */ = {isa = PBXFileReference; lastKnownFileType = sourcecode.swift; path = GameController.swift; sourceTree = "<group>"; };
/* End PBXFileReference section */

/* Begin PBXFrameworksBuildPhase section */
		18C6036B20597608006E750F /* Frameworks */ = {
			isa = PBXFrameworksBuildPhase;
			buildActionMask = 2147483647;
			files = (
			);
			runOnlyForDeploymentPostprocessing = 0;
		};
		18C6037F20597608006E750F /* Frameworks */ = {
			isa = PBXFrameworksBuildPhase;
			buildActionMask = 2147483647;
			files = (
			);
			runOnlyForDeploymentPostprocessing = 0;
		};
/* End PBXFrameworksBuildPhase section */

/* Begin PBXGroup section */
		18C6036520597608006E750F = {
			isa = PBXGroup;
			children = (
				18C6037020597608006E750F /* iHang */,
				18C6038520597608006E750F /* iHangTests */,
				18C6036F20597608006E750F /* Products */,
			);
			sourceTree = "<group>";
		};
		18C6036F20597608006E750F /* Products */ = {
			isa = PBXGroup;
			children = (
				18C6036E20597608006E750F /* iHang.app */,
				18C6038220597608006E750F /* iHangTests.xctest */,
			);
			name = Products;
			sourceTree = "<group>";
		};
		18C6037020597608006E750F /* iHang */ = {
			isa = PBXGroup;
			children = (
				18DEB87D207E999D00F0BF2E /* Rename */,
				18C6039720598BC4006E750F /* WordLists */,
				18C6037120597608006E750F /* AppDelegate.swift */,
				18C6037320597608006E750F /* ViewController.swift */,
				18DC803820598D7A0090BEE4 /* TutorialView.swift */,
				18C6037520597608006E750F /* Main.storyboard */,
				18C6037820597608006E750F /* Assets.xcassets */,
				18C6037A20597608006E750F /* LaunchScreen.storyboard */,
				18C6037D20597608006E750F /* Info.plist */,
				18C60395205981CF006E750F /* WordProvider.swift */,
				665D9923206079EB00BD884F /* Game.storyboard */,
				665D9925206081AF00BD884F /* GameController.swift */,
				18DEB87F207E9DD900F0BF2E /* HangmanRenderer.swift */,
			);
			path = iHang;
			sourceTree = "<group>";
		};
		18C6038520597608006E750F /* iHangTests */ = {
			isa = PBXGroup;
			children = (
				18C6038620597608006E750F /* iHangTests.swift */,
				18C6038820597608006E750F /* Info.plist */,
			);
			path = iHangTests;
			sourceTree = "<group>";
		};
/* End PBXGroup section */

/* Begin PBXNativeTarget section */
		18C6036D20597608006E750F /* iHang */ = {
			isa = PBXNativeTarget;
			buildConfigurationList = 18C6038B20597608006E750F /* Build configuration list for PBXNativeTarget "iHang" */;
			buildPhases = (
				18C6036A20597608006E750F /* Sources */,
				18C6036B20597608006E750F /* Frameworks */,
				18C6036C20597608006E750F /* Resources */,
			);
			buildRules = (
			);
			dependencies = (
			);
			name = iHang;
			productName = iHang;
			productReference = 18C6036E20597608006E750F /* iHang.app */;
			productType = "com.apple.product-type.application";
		};
		18C6038120597608006E750F /* iHangTests */ = {
			isa = PBXNativeTarget;
			buildConfigurationList = 18C6038E20597608006E750F /* Build configuration list for PBXNativeTarget "iHangTests" */;
			buildPhases = (
				18C6037E20597608006E750F /* Sources */,
				18C6037F20597608006E750F /* Frameworks */,
				18C6038020597608006E750F /* Resources */,
			);
			buildRules = (
			);
			dependencies = (
				18C6038420597608006E750F /* PBXTargetDependency */,
			);
			name = iHangTests;
			productName = iHangTests;
			productReference = 18C6038220597608006E750F /* iHangTests.xctest */;
			productType = "com.apple.product-type.bundle.unit-test";
		};
/* End PBXNativeTarget section */

/* Begin PBXProject section */
		18C6036620597608006E750F /* Project object */ = {
			isa = PBXProject;
			attributes = {
				LastSwiftUpdateCheck = 0920;
				LastUpgradeCheck = 0920;
				ORGANIZATIONNAME = GBC;
				TargetAttributes = {
					18C6036D20597608006E750F = {
						CreatedOnToolsVersion = 9.2;
						ProvisioningStyle = Automatic;
					};
					18C6038120597608006E750F = {
						CreatedOnToolsVersion = 9.2;
						ProvisioningStyle = Automatic;
						TestTargetID = 18C6036D20597608006E750F;
					};
				};
			};
			buildConfigurationList = 18C6036920597608006E750F /* Build configuration list for PBXProject "iHang" */;
			compatibilityVersion = "Xcode 8.0";
			developmentRegion = en;
			hasScannedForEncodings = 0;
			knownRegions = (
				en,
				Base,
			);
			mainGroup = 18C6036520597608006E750F;
			productRefGroup = 18C6036F20597608006E750F /* Products */;
			projectDirPath = "";
			projectRoot = "";
			targets = (
				18C6036D20597608006E750F /* iHang */,
				18C6038120597608006E750F /* iHangTests */,
			);
		};
/* End PBXProject section */

/* Begin PBXResourcesBuildPhase section */
		18C6036C20597608006E750F /* Resources */ = {
			isa = PBXResourcesBuildPhase;
			buildActionMask = 2147483647;
			files = (
				18C6039820598BC4006E750F /* WordLists in Resources */,
				18DEB87E207E999D00F0BF2E /* Rename in Resources */,
				18C6037C20597608006E750F /* LaunchScreen.storyboard in Resources */,
				18C6037920597608006E750F /* Assets.xcassets in Resources */,
				665D9924206079EB00BD884F /* Game.storyboard in Resources */,
				18C6037720597608006E750F /* Main.storyboard in Resources */,
			);
			runOnlyForDeploymentPostprocessing = 0;
		};
		18C6038020597608006E750F /* Resources */ = {
			isa = PBXResourcesBuildPhase;
			buildActionMask = 2147483647;
			files = (
			);
			runOnlyForDeploymentPostprocessing = 0;
		};
/* End PBXResourcesBuildPhase section */

/* Begin PBXSourcesBuildPhase section */
		18C6036A20597608006E750F /* Sources */ = {
			isa = PBXSourcesBuildPhase;
			buildActionMask = 2147483647;
			files = (
				18C6037420597608006E750F /* ViewController.swift in Sources */,
				665D9926206081AF00BD884F /* GameController.swift in Sources */,
				18C60396205981CF006E750F /* WordProvider.swift in Sources */,
				18DEB880207E9DD900F0BF2E /* HangmanRenderer.swift in Sources */,
				18C6037220597608006E750F /* AppDelegate.swift in Sources */,
				18DC803920598D7A0090BEE4 /* TutorialView.swift in Sources */,
			);
			runOnlyForDeploymentPostprocessing = 0;
		};
		18C6037E20597608006E750F /* Sources */ = {
			isa = PBXSourcesBuildPhase;
			buildActionMask = 2147483647;
			files = (
				18C6038720597608006E750F /* iHangTests.swift in Sources */,
			);
			runOnlyForDeploymentPostprocessing = 0;
		};
/* End PBXSourcesBuildPhase section */

/* Begin PBXTargetDependency section */
		18C6038420597608006E750F /* PBXTargetDependency */ = {
			isa = PBXTargetDependency;
			target = 18C6036D20597608006E750F /* iHang */;
			targetProxy = 18C6038320597608006E750F /* PBXContainerItemProxy */;
		};
/* End PBXTargetDependency section */

/* Begin PBXVariantGroup section */
		18C6037520597608006E750F /* Main.storyboard */ = {
			isa = PBXVariantGroup;
			children = (
				18C6037620597608006E750F /* Base */,
			);
			name = Main.storyboard;
			sourceTree = "<group>";
		};
		18C6037A20597608006E750F /* LaunchScreen.storyboard */ = {
			isa = PBXVariantGroup;
			children = (
				18C6037B20597608006E750F /* Base */,
			);
			name = LaunchScreen.storyboard;
			sourceTree = "<group>";
		};
/* End PBXVariantGroup section */

/* Begin XCBuildConfiguration section */
		18C6038920597608006E750F /* Debug */ = {
			isa = XCBuildConfiguration;
			buildSettings = {
				ALWAYS_SEARCH_USER_PATHS = NO;
				CLANG_ANALYZER_NONNULL = YES;
				CLANG_ANALYZER_NUMBER_OBJECT_CONVERSION = YES_AGGRESSIVE;
				CLANG_CXX_LANGUAGE_STANDARD = "gnu++14";
				CLANG_CXX_LIBRARY = "libc++";
				CLANG_ENABLE_MODULES = YES;
				CLANG_ENABLE_OBJC_ARC = YES;
				CLANG_WARN_BLOCK_CAPTURE_AUTORELEASING = YES;
				CLANG_WARN_BOOL_CONVERSION = YES;
				CLANG_WARN_COMMA = YES;
				CLANG_WARN_CONSTANT_CONVERSION = YES;
				CLANG_WARN_DIRECT_OBJC_ISA_USAGE = YES_ERROR;
				CLANG_WARN_DOCUMENTATION_COMMENTS = YES;
				CLANG_WARN_EMPTY_BODY = YES;
				CLANG_WARN_ENUM_CONVERSION = YES;
				CLANG_WARN_INFINITE_RECURSION = YES;
				CLANG_WARN_INT_CONVERSION = YES;
				CLANG_WARN_NON_LITERAL_NULL_CONVERSION = YES;
				CLANG_WARN_OBJC_LITERAL_CONVERSION = YES;
				CLANG_WARN_OBJC_ROOT_CLASS = YES_ERROR;
				CLANG_WARN_RANGE_LOOP_ANALYSIS = YES;
				CLANG_WARN_STRICT_PROTOTYPES = YES;
				CLANG_WARN_SUSPICIOUS_MOVE = YES;
				CLANG_WARN_UNGUARDED_AVAILABILITY = YES_AGGRESSIVE;
				CLANG_WARN_UNREACHABLE_CODE = YES;
				CLANG_WARN__DUPLICATE_METHOD_MATCH = YES;
				CODE_SIGN_IDENTITY = "iPhone Developer";
				COPY_PHASE_STRIP = NO;
				DEBUG_INFORMATION_FORMAT = dwarf;
				ENABLE_STRICT_OBJC_MSGSEND = YES;
				ENABLE_TESTABILITY = YES;
				GCC_C_LANGUAGE_STANDARD = gnu11;
				GCC_DYNAMIC_NO_PIC = NO;
				GCC_NO_COMMON_BLOCKS = YES;
				GCC_OPTIMIZATION_LEVEL = 0;
				GCC_PREPROCESSOR_DEFINITIONS = (
					"DEBUG=1",
					"$(inherited)",
				);
				GCC_WARN_64_TO_32_BIT_CONVERSION = YES;
				GCC_WARN_ABOUT_RETURN_TYPE = YES_ERROR;
				GCC_WARN_UNDECLARED_SELECTOR = YES;
				GCC_WARN_UNINITIALIZED_AUTOS = YES_AGGRESSIVE;
				GCC_WARN_UNUSED_FUNCTION = YES;
				GCC_WARN_UNUSED_VARIABLE = YES;
				IPHONEOS_DEPLOYMENT_TARGET = 11.2;
				MTL_ENABLE_DEBUG_INFO = YES;
				ONLY_ACTIVE_ARCH = YES;
				SDKROOT = iphoneos;
				SWIFT_ACTIVE_COMPILATION_CONDITIONS = DEBUG;
				SWIFT_OPTIMIZATION_LEVEL = "-Onone";
			};
			name = Debug;
		};
		18C6038A20597608006E750F /* Release */ = {
			isa = XCBuildConfiguration;
			buildSettings = {
				ALWAYS_SEARCH_USER_PATHS = NO;
				CLANG_ANALYZER_NONNULL = YES;
				CLANG_ANALYZER_NUMBER_OBJECT_CONVERSION = YES_AGGRESSIVE;
				CLANG_CXX_LANGUAGE_STANDARD = "gnu++14";
				CLANG_CXX_LIBRARY = "libc++";
				CLANG_ENABLE_MODULES = YES;
				CLANG_ENABLE_OBJC_ARC = YES;
				CLANG_WARN_BLOCK_CAPTURE_AUTORELEASING = YES;
				CLANG_WARN_BOOL_CONVERSION = YES;
				CLANG_WARN_COMMA = YES;
				CLANG_WARN_CONSTANT_CONVERSION = YES;
				CLANG_WARN_DIRECT_OBJC_ISA_USAGE = YES_ERROR;
				CLANG_WARN_DOCUMENTATION_COMMENTS = YES;
				CLANG_WARN_EMPTY_BODY = YES;
				CLANG_WARN_ENUM_CONVERSION = YES;
				CLANG_WARN_INFINITE_RECURSION = YES;
				CLANG_WARN_INT_CONVERSION = YES;
				CLANG_WARN_NON_LITERAL_NULL_CONVERSION = YES;
				CLANG_WARN_OBJC_LITERAL_CONVERSION = YES;
				CLANG_WARN_OBJC_ROOT_CLASS = YES_ERROR;
				CLANG_WARN_RANGE_LOOP_ANALYSIS = YES;
				CLANG_WARN_STRICT_PROTOTYPES = YES;
				CLANG_WARN_SUSPICIOUS_MOVE = YES;
				CLANG_WARN_UNGUARDED_AVAILABILITY = YES_AGGRESSIVE;
				CLANG_WARN_UNREACHABLE_CODE = YES;
				CLANG_WARN__DUPLICATE_METHOD_MATCH = YES;
				CODE_SIGN_IDENTITY = "iPhone Developer";
				COPY_PHASE_STRIP = NO;
				DEBUG_INFORMATION_FORMAT = "dwarf-with-dsym";
				ENABLE_NS_ASSERTIONS = NO;
				ENABLE_STRICT_OBJC_MSGSEND = YES;
				GCC_C_LANGUAGE_STANDARD = gnu11;
				GCC_NO_COMMON_BLOCKS = YES;
				GCC_WARN_64_TO_32_BIT_CONVERSION = YES;
				GCC_WARN_ABOUT_RETURN_TYPE = YES_ERROR;
				GCC_WARN_UNDECLARED_SELECTOR = YES;
				GCC_WARN_UNINITIALIZED_AUTOS = YES_AGGRESSIVE;
				GCC_WARN_UNUSED_FUNCTION = YES;
				GCC_WARN_UNUSED_VARIABLE = YES;
				IPHONEOS_DEPLOYMENT_TARGET = 11.2;
				MTL_ENABLE_DEBUG_INFO = NO;
				SDKROOT = iphoneos;
				SWIFT_OPTIMIZATION_LEVEL = "-Owholemodule";
				VALIDATE_PRODUCT = YES;
			};
			name = Release;
		};
		18C6038C20597608006E750F /* Debug */ = {
			isa = XCBuildConfiguration;
			buildSettings = {
				ASSETCATALOG_COMPILER_APPICON_NAME = AppIcon;
				CODE_SIGN_STYLE = Automatic;
				INFOPLIST_FILE = iHang/Info.plist;
				LD_RUNPATH_SEARCH_PATHS = "$(inherited) @executable_path/Frameworks";
				PRODUCT_BUNDLE_IDENTIFIER = ca.gbc.iosgame.iHang;
				PRODUCT_NAME = "$(TARGET_NAME)";
				SWIFT_VERSION = 4.0;
				TARGETED_DEVICE_FAMILY = "1,2";
			};
			name = Debug;
		};
		18C6038D20597608006E750F /* Release */ = {
			isa = XCBuildConfiguration;
			buildSettings = {
				ASSETCATALOG_COMPILER_APPICON_NAME = AppIcon;
				CODE_SIGN_STYLE = Automatic;
				INFOPLIST_FILE = iHang/Info.plist;
				LD_RUNPATH_SEARCH_PATHS = "$(inherited) @executable_path/Frameworks";
				PRODUCT_BUNDLE_IDENTIFIER = ca.gbc.iosgame.iHang;
				PRODUCT_NAME = "$(TARGET_NAME)";
				SWIFT_VERSION = 4.0;
				TARGETED_DEVICE_FAMILY = "1,2";
			};
			name = Release;
		};
		18C6038F20597608006E750F /* Debug */ = {
			isa = XCBuildConfiguration;
			buildSettings = {
				ALWAYS_EMBED_SWIFT_STANDARD_LIBRARIES = YES;
				BUNDLE_LOADER = "$(TEST_HOST)";
				CODE_SIGN_STYLE = Automatic;
				INFOPLIST_FILE = iHangTests/Info.plist;
				LD_RUNPATH_SEARCH_PATHS = "$(inherited) @executable_path/Frameworks @loader_path/Frameworks";
				PRODUCT_BUNDLE_IDENTIFIER = ca.gbc.iosgame.iHangTests;
				PRODUCT_NAME = "$(TARGET_NAME)";
				SWIFT_VERSION = 4.0;
				TARGETED_DEVICE_FAMILY = "1,2";
				TEST_HOST = "$(BUILT_PRODUCTS_DIR)/iHang.app/iHang";
			};
			name = Debug;
		};
		18C6039020597608006E750F /* Release */ = {
			isa = XCBuildConfiguration;
			buildSettings = {
				ALWAYS_EMBED_SWIFT_STANDARD_LIBRARIES = YES;
				BUNDLE_LOADER = "$(TEST_HOST)";
				CODE_SIGN_STYLE = Automatic;
				INFOPLIST_FILE = iHangTests/Info.plist;
				LD_RUNPATH_SEARCH_PATHS = "$(inherited) @executable_path/Frameworks @loader_path/Frameworks";
				PRODUCT_BUNDLE_IDENTIFIER = ca.gbc.iosgame.iHangTests;
				PRODUCT_NAME = "$(TARGET_NAME)";
				SWIFT_VERSION = 4.0;
				TARGETED_DEVICE_FAMILY = "1,2";
				TEST_HOST = "$(BUILT_PRODUCTS_DIR)/iHang.app/iHang";
			};
			name = Release;
		};
/* End XCBuildConfiguration section */

/* Begin XCConfigurationList section */
		18C6036920597608006E750F /* Build configuration list for PBXProject "iHang" */ = {
			isa = XCConfigurationList;
			buildConfigurations = (
				18C6038920597608006E750F /* Debug */,
				18C6038A20597608006E750F /* Release */,
			);
			defaultConfigurationIsVisible = 0;
			defaultConfigurationName = Release;
		};
		18C6038B20597608006E750F /* Build configuration list for PBXNativeTarget "iHang" */ = {
			isa = XCConfigurationList;
			buildConfigurations = (
				18C6038C20597608006E750F /* Debug */,
				18C6038D20597608006E750F /* Release */,
			);
			defaultConfigurationIsVisible = 0;
			defaultConfigurationName = Release;
		};
		18C6038E20597608006E750F /* Build configuration list for PBXNativeTarget "iHangTests" */ = {
			isa = XCConfigurationList;
			buildConfigurations = (
				18C6038F20597608006E750F /* Debug */,
				18C6039020597608006E750F /* Release */,
			);
			defaultConfigurationIsVisible = 0;
			defaultConfigurationName = Release;
		};
/* End XCConfigurationList section */
	};
	rootObject = 18C6036620597608006E750F /* Project object */;
}
